
Microsoft Visual Studio Solution File, Format Version 10.00
# Visual Studio 2008
Project("{E24C65DC-7377-472B-9ABA-BC803B73C61A}") = "nfm.no", ".", "{1C9B3D33-83F3-42DE-96BE-20EE79F484E3}"
	ProjectSection(WebsiteProperties) = preProject
		TargetFramework = "3.5"
		Debug.AspNetCompiler.VirtualPath = "/nfm.no"
		Debug.AspNetCompiler.PhysicalPath = "D:\Development\NFM\nfm.no\"
		Debug.AspNetCompiler.TargetPath = "PrecompiledWeb\nfm.no\"
		Debug.AspNetCompiler.Updateable = "true"
		Debug.AspNetCompiler.ForceOverwrite = "true"
		Debug.AspNetCompiler.FixedNames = "false"
		Debug.AspNetCompiler.Debug = "True"
		Release.AspNetCompiler.VirtualPath = "/nfm.no"
		Release.AspNetCompiler.PhysicalPath = "D:\Development\NFM\nfm.no\"
		Release.AspNetCompiler.TargetPath = "PrecompiledWeb\nfm.no\"
		Release.AspNetCompiler.Updateable = "true"
		Release.AspNetCompiler.ForceOverwrite = "true"
		Release.AspNetCompiler.FixedNames = "false"
		Release.AspNetCompiler.Debug = "False"
		VWDPort = "54316"
	EndProjectSection
EndProject
Global
	GlobalSection(SolutionConfigurationPlatforms) = preSolution
		Debug|.NET = Debug|.NET
	EndGlobalSection
	GlobalSection(ProjectConfigurationPlatforms) = postSolution
		{1C9B3D33-83F3-42DE-96BE-20EE79F484E3}.Debug|.NET.ActiveCfg = Debug|.NET
		{1C9B3D33-83F3-42DE-96BE-20EE79F484E3}.Debug|.NET.Build.0 = Debug|.NET
	EndGlobalSection
	GlobalSection(SolutionProperties) = preSolution
		HideSolutionNode = FALSE
	EndGlobalSection
EndGlobal
